// !$*UTF8*$!
{
	archiveVersion = 1;
	classes = {
	};
	objectVersion = 51;
	objects = {

/* Begin PBXBuildFile section */
		3C3298C3270482E300A8B9D4 /* SecondViewController.swift in Sources */ = {isa = PBXBuildFile; fileRef = 3C3298C2270482E300A8B9D4 /* SecondViewController.swift */; };
		3C3298C827059AA600A8B9D4 /* ColorsFile.swift in Sources */ = {isa = PBXBuildFile; fileRef = 3C3298C727059AA600A8B9D4 /* ColorsFile.swift */; };
		3C3298EA2705B26F00A8B9D4 /* studioPopUpView.swift in Sources */ = {isa = PBXBuildFile; fileRef = 3C3298E82705B26F00A8B9D4 /* studioPopUpView.swift */; };
		3C3298F82705B27500A8B9D4 /* Math.swift in Sources */ = {isa = PBXBuildFile; fileRef = 3C3298EC2705B27500A8B9D4 /* Math.swift */; };
		3C3298F92705B27500A8B9D4 /* TransitionDriver.swift in Sources */ = {isa = PBXBuildFile; fileRef = 3C3298ED2705B27500A8B9D4 /* TransitionDriver.swift */; };
		3C3298FB2705B27500A8B9D4 /* PanelTransition.swift in Sources */ = {isa = PBXBuildFile; fileRef = 3C3298EF2705B27500A8B9D4 /* PanelTransition.swift */; };
		3C3298FC2705B27500A8B9D4 /* InstantPanGestureRecognizer.swift in Sources */ = {isa = PBXBuildFile; fileRef = 3C3298F02705B27500A8B9D4 /* InstantPanGestureRecognizer.swift */; };
		3C3298FD2705B27500A8B9D4 /* PresentationController.swift in Sources */ = {isa = PBXBuildFile; fileRef = 3C3298F22705B27500A8B9D4 /* PresentationController.swift */; };
		3C3298FE2705B27500A8B9D4 /* DimmPresentationController.swift in Sources */ = {isa = PBXBuildFile; fileRef = 3C3298F32705B27500A8B9D4 /* DimmPresentationController.swift */; };
		3C3298FF2705B27500A8B9D4 /* PresentAnimation.swift in Sources */ = {isa = PBXBuildFile; fileRef = 3C3298F52705B27500A8B9D4 /* PresentAnimation.swift */; };
		3C3299002705B27500A8B9D4 /* DismissAnimation.swift in Sources */ = {isa = PBXBuildFile; fileRef = 3C3298F62705B27500A8B9D4 /* DismissAnimation.swift */; };
		3C3299012705B27500A8B9D4 /* TransitionDirection.swift in Sources */ = {isa = PBXBuildFile; fileRef = 3C3298F72705B27500A8B9D4 /* TransitionDirection.swift */; };
		3C3A58172726E990001A932B /* GeolocationTableViewCell.swift in Sources */ = {isa = PBXBuildFile; fileRef = 3C3A58162726E990001A932B /* GeolocationTableViewCell.swift */; };
		3C3A581B2726FB04001A932B /* SFProDisplay-Thin.ttf in Resources */ = {isa = PBXBuildFile; fileRef = 3C3A58192726FB04001A932B /* SFProDisplay-Thin.ttf */; };
		3C3A581C2726FB04001A932B /* SFProDisplay-Semibold.ttf in Resources */ = {isa = PBXBuildFile; fileRef = 3C3A581A2726FB04001A932B /* SFProDisplay-Semibold.ttf */; };
		3C3A581E2726FF79001A932B /* Token.swift in Sources */ = {isa = PBXBuildFile; fileRef = 3C3A581D2726FF79001A932B /* Token.swift */; };
		3C41B33627280EA30080DCC7 /* Constants.swift in Sources */ = {isa = PBXBuildFile; fileRef = 3C41B33527280EA30080DCC7 /* Constants.swift */; };
		3C53BCF127064C97000F1A1E /* ServicesTableViewController.swift in Sources */ = {isa = PBXBuildFile; fileRef = 3C53BCF027064C97000F1A1E /* ServicesTableViewController.swift */; };
		3C53BCF32706FBBB000F1A1E /* ExpandableHeaderViewDelegate.swift in Sources */ = {isa = PBXBuildFile; fileRef = 3C53BCF22706FBBB000F1A1E /* ExpandableHeaderViewDelegate.swift */; };
		3C53BCF62707111B000F1A1E /* Menu.swift in Sources */ = {isa = PBXBuildFile; fileRef = 3C53BCF52707111B000F1A1E /* Menu.swift */; };
		3C53BCFA270711DA000F1A1E /* TableViewCell.swift in Sources */ = {isa = PBXBuildFile; fileRef = 3C53BCF9270711DA000F1A1E /* TableViewCell.swift */; };
		3C53BCFC2707371A000F1A1E /* againPopUpView.swift in Sources */ = {isa = PBXBuildFile; fileRef = 3C53BCFB2707371A000F1A1E /* againPopUpView.swift */; };
		3C53BCFE270753E8000F1A1E /* signUpPopUpView.swift in Sources */ = {isa = PBXBuildFile; fileRef = 3C53BCFD270753E8000F1A1E /* signUpPopUpView.swift */; };
		3C53BD002707541A000F1A1E /* ThirdViewController.swift in Sources */ = {isa = PBXBuildFile; fileRef = 3C53BCFF2707541A000F1A1E /* ThirdViewController.swift */; };
		3C53BD03270AEFC5000F1A1E /* MastersViewController.swift in Sources */ = {isa = PBXBuildFile; fileRef = 3C53BD02270AEFC5000F1A1E /* MastersViewController.swift */; };
		3C5DE1142717010A004B5664 /* BasketSignUpViewController.swift in Sources */ = {isa = PBXBuildFile; fileRef = 3C5DE1132717010A004B5664 /* BasketSignUpViewController.swift */; };
		3C5DE11627196F7C004B5664 /* ChoosingMasterViewController.swift in Sources */ = {isa = PBXBuildFile; fileRef = 3C5DE11527196F7C004B5664 /* ChoosingMasterViewController.swift */; };
		3C5DE11927198349004B5664 /* SignUpPopUpController.swift in Sources */ = {isa = PBXBuildFile; fileRef = 3C5DE11827198349004B5664 /* SignUpPopUpController.swift */; };
		3C5DE11C271DA20C004B5664 /* GeolocationViewController.swift in Sources */ = {isa = PBXBuildFile; fileRef = 3C5DE11B271DA20C004B5664 /* GeolocationViewController.swift */; };
		3C5DE121271DCC46004B5664 /* MapViewController.swift in Sources */ = {isa = PBXBuildFile; fileRef = 3C5DE120271DCC46004B5664 /* MapViewController.swift */; };
		3C5EF98D2701F25C004CC020 /* AppDelegate.swift in Sources */ = {isa = PBXBuildFile; fileRef = 3C5EF98C2701F25C004CC020 /* AppDelegate.swift */; };
		3C5EF98F2701F25C004CC020 /* SceneDelegate.swift in Sources */ = {isa = PBXBuildFile; fileRef = 3C5EF98E2701F25C004CC020 /* SceneDelegate.swift */; };
		3C5EF9912701F25C004CC020 /* MainTabBarController.swift in Sources */ = {isa = PBXBuildFile; fileRef = 3C5EF9902701F25C004CC020 /* MainTabBarController.swift */; };
		3C5EF9962701F25D004CC020 /* Assets.xcassets in Resources */ = {isa = PBXBuildFile; fileRef = 3C5EF9952701F25D004CC020 /* Assets.xcassets */; };
		3C5EF9992701F25D004CC020 /* LaunchScreen.storyboard in Resources */ = {isa = PBXBuildFile; fileRef = 3C5EF9972701F25D004CC020 /* LaunchScreen.storyboard */; };
		3C5EF9A42701F49E004CC020 /* FirstViewController.swift in Sources */ = {isa = PBXBuildFile; fileRef = 3C5EF9A32701F49E004CC020 /* FirstViewController.swift */; };
		3C615C20270F19070037B049 /* PersonInformationViewController.swift in Sources */ = {isa = PBXBuildFile; fileRef = 3C615C1F270F19070037B049 /* PersonInformationViewController.swift */; };
		3C615C22270F2AC70037B049 /* ContraindicationViewController.swift in Sources */ = {isa = PBXBuildFile; fileRef = 3C615C21270F2AC70037B049 /* ContraindicationViewController.swift */; };
		3C615C25270F476B0037B049 /* MyTableViewCell.swift in Sources */ = {isa = PBXBuildFile; fileRef = 3C615C24270F476B0037B049 /* MyTableViewCell.swift */; };
		3C615C27270F47A90037B049 /* CertificateViewController.swift in Sources */ = {isa = PBXBuildFile; fileRef = 3C615C26270F47A90037B049 /* CertificateViewController.swift */; };
		3C615C29270F4EDB0037B049 /* VisitsViewController.swift in Sources */ = {isa = PBXBuildFile; fileRef = 3C615C28270F4EDB0037B049 /* VisitsViewController.swift */; };
		3C615C4B271480CD0037B049 /* SettingsViewController.swift in Sources */ = {isa = PBXBuildFile; fileRef = 3C615C4A271480CD0037B049 /* SettingsViewController.swift */; };
		3C7B485F270DFC89003E7701 /* FifthViewController.swift in Sources */ = {isa = PBXBuildFile; fileRef = 3C7B485E270DFC89003E7701 /* FifthViewController.swift */; };
		3C7B4862270E2278003E7701 /* FirstArticleViewController.swift in Sources */ = {isa = PBXBuildFile; fileRef = 3C7B4861270E2278003E7701 /* FirstArticleViewController.swift */; };
		3C7B4864270E2284003E7701 /* SecondArticleViewController.swift in Sources */ = {isa = PBXBuildFile; fileRef = 3C7B4863270E2284003E7701 /* SecondArticleViewController.swift */; };
		3C7B4866270E2293003E7701 /* ThirdArticleViewController.swift in Sources */ = {isa = PBXBuildFile; fileRef = 3C7B4865270E2293003E7701 /* ThirdArticleViewController.swift */; };
		3C87A910270DA56100D7FEEE /* FourthViewController.swift in Sources */ = {isa = PBXBuildFile; fileRef = 3C87A90F270DA56100D7FEEE /* FourthViewController.swift */; };
		3CAB7E152715A571005E5289 /* ShopController.swift in Sources */ = {isa = PBXBuildFile; fileRef = 3CAB7E142715A571005E5289 /* ShopController.swift */; };
		3CC8C8832722A71000CEB5D4 /* AuthWithPasswordViewController.swift in Sources */ = {isa = PBXBuildFile; fileRef = 3CC8C8822722A71000CEB5D4 /* AuthWithPasswordViewController.swift */; };
		3CC8C8862722D90D00CEB5D4 /* FirstAuthViewController.swift in Sources */ = {isa = PBXBuildFile; fileRef = 3CC8C8852722D90D00CEB5D4 /* FirstAuthViewController.swift */; };
		3CC8C8882722E08200CEB5D4 /* SmsAuthViewController.swift in Sources */ = {isa = PBXBuildFile; fileRef = 3CC8C8872722E08200CEB5D4 /* SmsAuthViewController.swift */; };
		3CC8C88A272300E400CEB5D4 /* RegistrationViewController.swift in Sources */ = {isa = PBXBuildFile; fileRef = 3CC8C889272300E400CEB5D4 /* RegistrationViewController.swift */; };
		3CC8C88D27230EBB00CEB5D4 /* RefreshViewController.swift in Sources */ = {isa = PBXBuildFile; fileRef = 3CC8C88C27230EBB00CEB5D4 /* RefreshViewController.swift */; };
		3CC8C88F2723103000CEB5D4 /* SmsRefreshViewController.swift in Sources */ = {isa = PBXBuildFile; fileRef = 3CC8C88E2723103000CEB5D4 /* SmsRefreshViewController.swift */; };
		3CC8C891272311A600CEB5D4 /* SetPasswordViewController.swift in Sources */ = {isa = PBXBuildFile; fileRef = 3CC8C890272311A600CEB5D4 /* SetPasswordViewController.swift */; };
		3CC8C8942726C08600CEB5D4 /* NetworkManager.swift in Sources */ = {isa = PBXBuildFile; fileRef = 3CC8C8932726C08600CEB5D4 /* NetworkManager.swift */; };
		3CCD1D3927A2AC52009C78DB /* ContraindicationPullUpController.swift in Sources */ = {isa = PBXBuildFile; fileRef = 3CCD1D3827A2AC52009C78DB /* ContraindicationPullUpController.swift */; };
		3CE225FD27AC235100D9A2F2 /* NotificationViewController.swift in Sources */ = {isa = PBXBuildFile; fileRef = 3CE225FC27AC235100D9A2F2 /* NotificationViewController.swift */; };
		3CEB413E274F95390014B2AA /* CertificateTableViewCell.swift in Sources */ = {isa = PBXBuildFile; fileRef = 3CEB413D274F95390014B2AA /* CertificateTableViewCell.swift */; };
		3CEB4141274FA9F50014B2AA /* DetailCertificateViewController.swift in Sources */ = {isa = PBXBuildFile; fileRef = 3CEB4140274FA9F50014B2AA /* DetailCertificateViewController.swift */; };
		3CEB41432756342E0014B2AA /* StudiosTableViewCell.swift in Sources */ = {isa = PBXBuildFile; fileRef = 3CEB41422756342E0014B2AA /* StudiosTableViewCell.swift */; };
		81C6D6D4478A4421C39F4070 /* Pods_Epilier.framework in Frameworks */ = {isa = PBXBuildFile; fileRef = 6F09281BB95F5DB333EC29B9 /* Pods_Epilier.framework */; };
/* End PBXBuildFile section */

/* Begin PBXFileReference section */
		3C3298C2270482E300A8B9D4 /* SecondViewController.swift */ = {isa = PBXFileReference; lastKnownFileType = sourcecode.swift; path = SecondViewController.swift; sourceTree = "<group>"; };
		3C3298C727059AA600A8B9D4 /* ColorsFile.swift */ = {isa = PBXFileReference; lastKnownFileType = sourcecode.swift; path = ColorsFile.swift; sourceTree = "<group>"; };
		3C3298E82705B26F00A8B9D4 /* studioPopUpView.swift */ = {isa = PBXFileReference; fileEncoding = 4; lastKnownFileType = sourcecode.swift; path = studioPopUpView.swift; sourceTree = "<group>"; };
		3C3298EC2705B27500A8B9D4 /* Math.swift */ = {isa = PBXFileReference; fileEncoding = 4; lastKnownFileType = sourcecode.swift; path = Math.swift; sourceTree = "<group>"; };
		3C3298ED2705B27500A8B9D4 /* TransitionDriver.swift */ = {isa = PBXFileReference; fileEncoding = 4; lastKnownFileType = sourcecode.swift; path = TransitionDriver.swift; sourceTree = "<group>"; };
		3C3298EF2705B27500A8B9D4 /* PanelTransition.swift */ = {isa = PBXFileReference; fileEncoding = 4; lastKnownFileType = sourcecode.swift; path = PanelTransition.swift; sourceTree = "<group>"; };
		3C3298F02705B27500A8B9D4 /* InstantPanGestureRecognizer.swift */ = {isa = PBXFileReference; fileEncoding = 4; lastKnownFileType = sourcecode.swift; path = InstantPanGestureRecognizer.swift; sourceTree = "<group>"; };
		3C3298F22705B27500A8B9D4 /* PresentationController.swift */ = {isa = PBXFileReference; fileEncoding = 4; lastKnownFileType = sourcecode.swift; path = PresentationController.swift; sourceTree = "<group>"; };
		3C3298F32705B27500A8B9D4 /* DimmPresentationController.swift */ = {isa = PBXFileReference; fileEncoding = 4; lastKnownFileType = sourcecode.swift; path = DimmPresentationController.swift; sourceTree = "<group>"; };
		3C3298F52705B27500A8B9D4 /* PresentAnimation.swift */ = {isa = PBXFileReference; fileEncoding = 4; lastKnownFileType = sourcecode.swift; path = PresentAnimation.swift; sourceTree = "<group>"; };
		3C3298F62705B27500A8B9D4 /* DismissAnimation.swift */ = {isa = PBXFileReference; fileEncoding = 4; lastKnownFileType = sourcecode.swift; path = DismissAnimation.swift; sourceTree = "<group>"; };
		3C3298F72705B27500A8B9D4 /* TransitionDirection.swift */ = {isa = PBXFileReference; fileEncoding = 4; lastKnownFileType = sourcecode.swift; path = TransitionDirection.swift; sourceTree = "<group>"; };
		3C3A58162726E990001A932B /* GeolocationTableViewCell.swift */ = {isa = PBXFileReference; lastKnownFileType = sourcecode.swift; path = GeolocationTableViewCell.swift; sourceTree = "<group>"; };
		3C3A58192726FB04001A932B /* SFProDisplay-Thin.ttf */ = {isa = PBXFileReference; lastKnownFileType = file; path = "SFProDisplay-Thin.ttf"; sourceTree = "<group>"; };
		3C3A581A2726FB04001A932B /* SFProDisplay-Semibold.ttf */ = {isa = PBXFileReference; lastKnownFileType = file; path = "SFProDisplay-Semibold.ttf"; sourceTree = "<group>"; };
		3C3A581D2726FF79001A932B /* Token.swift */ = {isa = PBXFileReference; lastKnownFileType = sourcecode.swift; path = Token.swift; sourceTree = "<group>"; };
		3C41B33527280EA30080DCC7 /* Constants.swift */ = {isa = PBXFileReference; lastKnownFileType = sourcecode.swift; path = Constants.swift; sourceTree = "<group>"; };
		3C53BCF027064C97000F1A1E /* ServicesTableViewController.swift */ = {isa = PBXFileReference; lastKnownFileType = sourcecode.swift; path = ServicesTableViewController.swift; sourceTree = "<group>"; };
		3C53BCF22706FBBB000F1A1E /* ExpandableHeaderViewDelegate.swift */ = {isa = PBXFileReference; lastKnownFileType = sourcecode.swift; path = ExpandableHeaderViewDelegate.swift; sourceTree = "<group>"; };
		3C53BCF52707111B000F1A1E /* Menu.swift */ = {isa = PBXFileReference; lastKnownFileType = sourcecode.swift; path = Menu.swift; sourceTree = "<group>"; };
		3C53BCF9270711DA000F1A1E /* TableViewCell.swift */ = {isa = PBXFileReference; lastKnownFileType = sourcecode.swift; path = TableViewCell.swift; sourceTree = "<group>"; };
		3C53BCFB2707371A000F1A1E /* againPopUpView.swift */ = {isa = PBXFileReference; lastKnownFileType = sourcecode.swift; path = againPopUpView.swift; sourceTree = "<group>"; };
		3C53BCFD270753E8000F1A1E /* signUpPopUpView.swift */ = {isa = PBXFileReference; lastKnownFileType = sourcecode.swift; path = signUpPopUpView.swift; sourceTree = "<group>"; };
		3C53BCFF2707541A000F1A1E /* ThirdViewController.swift */ = {isa = PBXFileReference; lastKnownFileType = sourcecode.swift; path = ThirdViewController.swift; sourceTree = "<group>"; };
		3C53BD02270AEFC5000F1A1E /* MastersViewController.swift */ = {isa = PBXFileReference; lastKnownFileType = sourcecode.swift; path = MastersViewController.swift; sourceTree = "<group>"; };
		3C5DE1132717010A004B5664 /* BasketSignUpViewController.swift */ = {isa = PBXFileReference; lastKnownFileType = sourcecode.swift; path = BasketSignUpViewController.swift; sourceTree = "<group>"; };
		3C5DE11527196F7C004B5664 /* ChoosingMasterViewController.swift */ = {isa = PBXFileReference; lastKnownFileType = sourcecode.swift; path = ChoosingMasterViewController.swift; sourceTree = "<group>"; };
		3C5DE11827198349004B5664 /* SignUpPopUpController.swift */ = {isa = PBXFileReference; lastKnownFileType = sourcecode.swift; path = SignUpPopUpController.swift; sourceTree = "<group>"; };
		3C5DE11B271DA20C004B5664 /* GeolocationViewController.swift */ = {isa = PBXFileReference; lastKnownFileType = sourcecode.swift; path = GeolocationViewController.swift; sourceTree = "<group>"; };
		3C5DE120271DCC46004B5664 /* MapViewController.swift */ = {isa = PBXFileReference; lastKnownFileType = sourcecode.swift; path = MapViewController.swift; sourceTree = "<group>"; };
		3C5EF9892701F25C004CC020 /* Epilier.app */ = {isa = PBXFileReference; explicitFileType = wrapper.application; includeInIndex = 0; path = Epilier.app; sourceTree = BUILT_PRODUCTS_DIR; };
		3C5EF98C2701F25C004CC020 /* AppDelegate.swift */ = {isa = PBXFileReference; lastKnownFileType = sourcecode.swift; path = AppDelegate.swift; sourceTree = "<group>"; };
		3C5EF98E2701F25C004CC020 /* SceneDelegate.swift */ = {isa = PBXFileReference; lastKnownFileType = sourcecode.swift; path = SceneDelegate.swift; sourceTree = "<group>"; };
		3C5EF9902701F25C004CC020 /* MainTabBarController.swift */ = {isa = PBXFileReference; lastKnownFileType = sourcecode.swift; path = MainTabBarController.swift; sourceTree = "<group>"; };
		3C5EF9952701F25D004CC020 /* Assets.xcassets */ = {isa = PBXFileReference; lastKnownFileType = folder.assetcatalog; path = Assets.xcassets; sourceTree = "<group>"; };
		3C5EF9982701F25D004CC020 /* Base */ = {isa = PBXFileReference; lastKnownFileType = file.storyboard; name = Base; path = Base.lproj/LaunchScreen.storyboard; sourceTree = "<group>"; };
		3C5EF99A2701F25D004CC020 /* Info.plist */ = {isa = PBXFileReference; lastKnownFileType = text.plist.xml; path = Info.plist; sourceTree = "<group>"; };
		3C5EF9A32701F49E004CC020 /* FirstViewController.swift */ = {isa = PBXFileReference; lastKnownFileType = sourcecode.swift; path = FirstViewController.swift; sourceTree = "<group>"; };
		3C615C1F270F19070037B049 /* PersonInformationViewController.swift */ = {isa = PBXFileReference; lastKnownFileType = sourcecode.swift; path = PersonInformationViewController.swift; sourceTree = "<group>"; };
		3C615C21270F2AC70037B049 /* ContraindicationViewController.swift */ = {isa = PBXFileReference; lastKnownFileType = sourcecode.swift; path = ContraindicationViewController.swift; sourceTree = "<group>"; };
		3C615C24270F476B0037B049 /* MyTableViewCell.swift */ = {isa = PBXFileReference; lastKnownFileType = sourcecode.swift; path = MyTableViewCell.swift; sourceTree = "<group>"; };
		3C615C26270F47A90037B049 /* CertificateViewController.swift */ = {isa = PBXFileReference; lastKnownFileType = sourcecode.swift; path = CertificateViewController.swift; sourceTree = "<group>"; };
		3C615C28270F4EDB0037B049 /* VisitsViewController.swift */ = {isa = PBXFileReference; lastKnownFileType = sourcecode.swift; path = VisitsViewController.swift; sourceTree = "<group>"; };
		3C615C4A271480CD0037B049 /* SettingsViewController.swift */ = {isa = PBXFileReference; lastKnownFileType = sourcecode.swift; path = SettingsViewController.swift; sourceTree = "<group>"; };
		3C7B485E270DFC89003E7701 /* FifthViewController.swift */ = {isa = PBXFileReference; lastKnownFileType = sourcecode.swift; path = FifthViewController.swift; sourceTree = "<group>"; };
		3C7B4861270E2278003E7701 /* FirstArticleViewController.swift */ = {isa = PBXFileReference; lastKnownFileType = sourcecode.swift; path = FirstArticleViewController.swift; sourceTree = "<group>"; };
		3C7B4863270E2284003E7701 /* SecondArticleViewController.swift */ = {isa = PBXFileReference; lastKnownFileType = sourcecode.swift; path = SecondArticleViewController.swift; sourceTree = "<group>"; };
		3C7B4865270E2293003E7701 /* ThirdArticleViewController.swift */ = {isa = PBXFileReference; lastKnownFileType = sourcecode.swift; path = ThirdArticleViewController.swift; sourceTree = "<group>"; };
		3C87A90F270DA56100D7FEEE /* FourthViewController.swift */ = {isa = PBXFileReference; lastKnownFileType = sourcecode.swift; path = FourthViewController.swift; sourceTree = "<group>"; };
		3CAB7E142715A571005E5289 /* ShopController.swift */ = {isa = PBXFileReference; lastKnownFileType = sourcecode.swift; path = ShopController.swift; sourceTree = "<group>"; };
		3CC8C8822722A71000CEB5D4 /* AuthWithPasswordViewController.swift */ = {isa = PBXFileReference; lastKnownFileType = sourcecode.swift; path = AuthWithPasswordViewController.swift; sourceTree = "<group>"; };
		3CC8C8852722D90D00CEB5D4 /* FirstAuthViewController.swift */ = {isa = PBXFileReference; lastKnownFileType = sourcecode.swift; path = FirstAuthViewController.swift; sourceTree = "<group>"; };
		3CC8C8872722E08200CEB5D4 /* SmsAuthViewController.swift */ = {isa = PBXFileReference; lastKnownFileType = sourcecode.swift; path = SmsAuthViewController.swift; sourceTree = "<group>"; };
		3CC8C889272300E400CEB5D4 /* RegistrationViewController.swift */ = {isa = PBXFileReference; lastKnownFileType = sourcecode.swift; path = RegistrationViewController.swift; sourceTree = "<group>"; };
		3CC8C88C27230EBB00CEB5D4 /* RefreshViewController.swift */ = {isa = PBXFileReference; lastKnownFileType = sourcecode.swift; path = RefreshViewController.swift; sourceTree = "<group>"; };
		3CC8C88E2723103000CEB5D4 /* SmsRefreshViewController.swift */ = {isa = PBXFileReference; lastKnownFileType = sourcecode.swift; path = SmsRefreshViewController.swift; sourceTree = "<group>"; };
		3CC8C890272311A600CEB5D4 /* SetPasswordViewController.swift */ = {isa = PBXFileReference; lastKnownFileType = sourcecode.swift; path = SetPasswordViewController.swift; sourceTree = "<group>"; };
		3CC8C8932726C08600CEB5D4 /* NetworkManager.swift */ = {isa = PBXFileReference; lastKnownFileType = sourcecode.swift; path = NetworkManager.swift; sourceTree = "<group>"; };
		3CCD1D3827A2AC52009C78DB /* ContraindicationPullUpController.swift */ = {isa = PBXFileReference; lastKnownFileType = sourcecode.swift; path = ContraindicationPullUpController.swift; sourceTree = "<group>"; };
		3CE225FC27AC235100D9A2F2 /* NotificationViewController.swift */ = {isa = PBXFileReference; lastKnownFileType = sourcecode.swift; path = NotificationViewController.swift; sourceTree = "<group>"; };
		3CEB413D274F95390014B2AA /* CertificateTableViewCell.swift */ = {isa = PBXFileReference; lastKnownFileType = sourcecode.swift; path = CertificateTableViewCell.swift; sourceTree = "<group>"; };
		3CEB4140274FA9F50014B2AA /* DetailCertificateViewController.swift */ = {isa = PBXFileReference; lastKnownFileType = sourcecode.swift; path = DetailCertificateViewController.swift; sourceTree = "<group>"; };
		3CEB41422756342E0014B2AA /* StudiosTableViewCell.swift */ = {isa = PBXFileReference; lastKnownFileType = sourcecode.swift; path = StudiosTableViewCell.swift; sourceTree = "<group>"; };
		6F09281BB95F5DB333EC29B9 /* Pods_Epilier.framework */ = {isa = PBXFileReference; explicitFileType = wrapper.framework; includeInIndex = 0; path = Pods_Epilier.framework; sourceTree = BUILT_PRODUCTS_DIR; };
		9E837EEAC2D0E3B702974CDE /* Pods-Epilier.debug.xcconfig */ = {isa = PBXFileReference; includeInIndex = 1; lastKnownFileType = text.xcconfig; name = "Pods-Epilier.debug.xcconfig"; path = "Target Support Files/Pods-Epilier/Pods-Epilier.debug.xcconfig"; sourceTree = "<group>"; };
		C5D3E785B0EF0B8EFE84C2D4 /* Pods-Epilier.release.xcconfig */ = {isa = PBXFileReference; includeInIndex = 1; lastKnownFileType = text.xcconfig; name = "Pods-Epilier.release.xcconfig"; path = "Target Support Files/Pods-Epilier/Pods-Epilier.release.xcconfig"; sourceTree = "<group>"; };
/* End PBXFileReference section */

/* Begin PBXFrameworksBuildPhase section */
		3C5EF9862701F25C004CC020 /* Frameworks */ = {
			isa = PBXFrameworksBuildPhase;
			buildActionMask = 2147483647;
			files = (
				81C6D6D4478A4421C39F4070 /* Pods_Epilier.framework in Frameworks */,
			);
			runOnlyForDeploymentPostprocessing = 0;
		};
/* End PBXFrameworksBuildPhase section */

/* Begin PBXGroup section */
		3C3298C92705B12300A8B9D4 /* popUpViews */ = {
			isa = PBXGroup;
			children = (
				3C3298EB2705B27500A8B9D4 /* Transition */,
				3C3298E62705B26F00A8B9D4 /* Controllers */,
			);
			path = popUpViews;
			sourceTree = "<group>";
		};
		3C3298E62705B26F00A8B9D4 /* Controllers */ = {
			isa = PBXGroup;
			children = (
				3C3298E82705B26F00A8B9D4 /* studioPopUpView.swift */,
				3C53BCFB2707371A000F1A1E /* againPopUpView.swift */,
				3C53BCFD270753E8000F1A1E /* signUpPopUpView.swift */,
			);
			path = Controllers;
			sourceTree = "<group>";
		};
		3C3298EB2705B27500A8B9D4 /* Transition */ = {
			isa = PBXGroup;
			children = (
				3C3298EC2705B27500A8B9D4 /* Math.swift */,
				3C3298ED2705B27500A8B9D4 /* TransitionDriver.swift */,
				3C3298EF2705B27500A8B9D4 /* PanelTransition.swift */,
				3C3298F02705B27500A8B9D4 /* InstantPanGestureRecognizer.swift */,
				3C3298F12705B27500A8B9D4 /* Presentation controller */,
				3C3298F42705B27500A8B9D4 /* Animations */,
				3C3298F72705B27500A8B9D4 /* TransitionDirection.swift */,
			);
			path = Transition;
			sourceTree = "<group>";
		};
		3C3298F12705B27500A8B9D4 /* Presentation controller */ = {
			isa = PBXGroup;
			children = (
				3C3298F22705B27500A8B9D4 /* PresentationController.swift */,
				3C3298F32705B27500A8B9D4 /* DimmPresentationController.swift */,
			);
			path = "Presentation controller";
			sourceTree = "<group>";
		};
		3C3298F42705B27500A8B9D4 /* Animations */ = {
			isa = PBXGroup;
			children = (
				3C3298F52705B27500A8B9D4 /* PresentAnimation.swift */,
				3C3298F62705B27500A8B9D4 /* DismissAnimation.swift */,
			);
			path = Animations;
			sourceTree = "<group>";
		};
		3C3299022705E9F800A8B9D4 /* colors */ = {
			isa = PBXGroup;
			children = (
				3C3298C727059AA600A8B9D4 /* ColorsFile.swift */,
			);
			path = colors;
			sourceTree = "<group>";
		};
		3C3A58152726E97E001A932B /* Cell */ = {
			isa = PBXGroup;
			children = (
				3C3A58162726E990001A932B /* GeolocationTableViewCell.swift */,
				3CEB41422756342E0014B2AA /* StudiosTableViewCell.swift */,
			);
			path = Cell;
			sourceTree = "<group>";
		};
		3C3A58182726FACC001A932B /* Fonts */ = {
			isa = PBXGroup;
			children = (
				3C3A581A2726FB04001A932B /* SFProDisplay-Semibold.ttf */,
				3C3A58192726FB04001A932B /* SFProDisplay-Thin.ttf */,
			);
			path = Fonts;
			sourceTree = "<group>";
		};
		3C53BCF4270710D5000F1A1E /* services */ = {
			isa = PBXGroup;
			children = (
				3C53BCF8270711C7000F1A1E /* Cell */,
				3C53BCF727071124000F1A1E /* Model */,
				3C5DE1172719831A004B5664 /* PullUpControllers */,
				3C53BCF22706FBBB000F1A1E /* ExpandableHeaderViewDelegate.swift */,
				3C53BCF027064C97000F1A1E /* ServicesTableViewController.swift */,
				3C5DE1132717010A004B5664 /* BasketSignUpViewController.swift */,
				3C5DE11527196F7C004B5664 /* ChoosingMasterViewController.swift */,
			);
			path = services;
			sourceTree = "<group>";
		};
		3C53BCF727071124000F1A1E /* Model */ = {
			isa = PBXGroup;
			children = (
				3C53BCF52707111B000F1A1E /* Menu.swift */,
			);
			path = Model;
			sourceTree = "<group>";
		};
		3C53BCF8270711C7000F1A1E /* Cell */ = {
			isa = PBXGroup;
			children = (
				3C53BCF9270711DA000F1A1E /* TableViewCell.swift */,
			);
			path = Cell;
			sourceTree = "<group>";
		};
		3C53BD01270AEFB3000F1A1E /* masters */ = {
			isa = PBXGroup;
			children = (
				3C53BD02270AEFC5000F1A1E /* MastersViewController.swift */,
			);
			path = masters;
			sourceTree = "<group>";
		};
		3C5DE1172719831A004B5664 /* PullUpControllers */ = {
			isa = PBXGroup;
			children = (
				3CAB7E142715A571005E5289 /* ShopController.swift */,
				3C5DE11827198349004B5664 /* SignUpPopUpController.swift */,
			);
			path = PullUpControllers;
			sourceTree = "<group>";
		};
		3C5DE11A271DA1F1004B5664 /* geolocation */ = {
			isa = PBXGroup;
			children = (
				3C3A58152726E97E001A932B /* Cell */,
				3C5DE11B271DA20C004B5664 /* GeolocationViewController.swift */,
				3C5DE120271DCC46004B5664 /* MapViewController.swift */,
			);
			path = geolocation;
			sourceTree = "<group>";
		};
		3C5EF9802701F25C004CC020 = {
			isa = PBXGroup;
			children = (
				3C5EF98B2701F25C004CC020 /* Epilier */,
				3C5EF98A2701F25C004CC020 /* Products */,
				B2BED80C1E7F21A39E420987 /* Pods */,
				9D4EF24EB88FD8100B18D6AA /* Frameworks */,
			);
			sourceTree = "<group>";
		};
		3C5EF98A2701F25C004CC020 /* Products */ = {
			isa = PBXGroup;
			children = (
				3C5EF9892701F25C004CC020 /* Epilier.app */,
			);
			name = Products;
			sourceTree = "<group>";
		};
		3C5EF98B2701F25C004CC020 /* Epilier */ = {
			isa = PBXGroup;
			children = (
				3C3A58182726FACC001A932B /* Fonts */,
				3C5EF9A12701F475004CC020 /* Models */,
				3C5EF9A02701F376004CC020 /* Resources */,
				3C5EF9A22701F47C004CC020 /* Controllers */,
				3C5EF9952701F25D004CC020 /* Assets.xcassets */,
			);
			path = Epilier;
			sourceTree = "<group>";
		};
		3C5EF9A02701F376004CC020 /* Resources */ = {
			isa = PBXGroup;
			children = (
				3C5EF9972701F25D004CC020 /* LaunchScreen.storyboard */,
				3C5EF99A2701F25D004CC020 /* Info.plist */,
				3C5EF98C2701F25C004CC020 /* AppDelegate.swift */,
				3C5EF98E2701F25C004CC020 /* SceneDelegate.swift */,
			);
			path = Resources;
			sourceTree = "<group>";
		};
		3C5EF9A12701F475004CC020 /* Models */ = {
			isa = PBXGroup;
			children = (
				3C3A581D2726FF79001A932B /* Token.swift */,
				3C41B33527280EA30080DCC7 /* Constants.swift */,
			);
			path = Models;
			sourceTree = "<group>";
		};
		3C5EF9A22701F47C004CC020 /* Controllers */ = {
			isa = PBXGroup;
			children = (
				3CE225FB27AC233E00D9A2F2 /* notifications */,
				3CC8C8922726C05400CEB5D4 /* network */,
				3CC8C8842722D15400CEB5D4 /* authentication */,
				3C5DE11A271DA1F1004B5664 /* geolocation */,
				3C7B4860270E224C003E7701 /* articles */,
				3C7B485D270DFC75003E7701 /* person */,
				3C87A90E270DA54100D7FEEE /* chat */,
				3C53BD01270AEFB3000F1A1E /* masters */,
				3C53BCF4270710D5000F1A1E /* services */,
				3C3299022705E9F800A8B9D4 /* colors */,
				3C3298C92705B12300A8B9D4 /* popUpViews */,
				3C5EF9902701F25C004CC020 /* MainTabBarController.swift */,
				3C5EF9A32701F49E004CC020 /* FirstViewController.swift */,
				3C3298C2270482E300A8B9D4 /* SecondViewController.swift */,
				3C53BCFF2707541A000F1A1E /* ThirdViewController.swift */,
			);
			path = Controllers;
			sourceTree = "<group>";
		};
		3C615C23270F47540037B049 /* cells */ = {
			isa = PBXGroup;
			children = (
				3C615C24270F476B0037B049 /* MyTableViewCell.swift */,
				3CEB413D274F95390014B2AA /* CertificateTableViewCell.swift */,
			);
			path = cells;
			sourceTree = "<group>";
		};
		3C7B485D270DFC75003E7701 /* person */ = {
			isa = PBXGroup;
			children = (
				3CCD1D3727A2AC2D009C78DB /* PullUpController */,
				3C615C23270F47540037B049 /* cells */,
				3CEB413F274FA9CC0014B2AA /* certificate */,
				3C7B485E270DFC89003E7701 /* FifthViewController.swift */,
				3C615C1F270F19070037B049 /* PersonInformationViewController.swift */,
				3C615C21270F2AC70037B049 /* ContraindicationViewController.swift */,
				3C615C28270F4EDB0037B049 /* VisitsViewController.swift */,
				3C615C4A271480CD0037B049 /* SettingsViewController.swift */,
			);
			path = person;
			sourceTree = "<group>";
		};
		3C7B4860270E224C003E7701 /* articles */ = {
			isa = PBXGroup;
			children = (
				3C7B4861270E2278003E7701 /* FirstArticleViewController.swift */,
				3C7B4863270E2284003E7701 /* SecondArticleViewController.swift */,
				3C7B4865270E2293003E7701 /* ThirdArticleViewController.swift */,
			);
			path = articles;
			sourceTree = "<group>";
		};
		3C87A90E270DA54100D7FEEE /* chat */ = {
			isa = PBXGroup;
			children = (
				3C87A90F270DA56100D7FEEE /* FourthViewController.swift */,
			);
			path = chat;
			sourceTree = "<group>";
		};
		3CC8C8842722D15400CEB5D4 /* authentication */ = {
			isa = PBXGroup;
			children = (
				3CC8C88B27230E9900CEB5D4 /* refreshingPassword */,
				3CC8C8822722A71000CEB5D4 /* AuthWithPasswordViewController.swift */,
				3CC8C8852722D90D00CEB5D4 /* FirstAuthViewController.swift */,
				3CC8C8872722E08200CEB5D4 /* SmsAuthViewController.swift */,
				3CC8C889272300E400CEB5D4 /* RegistrationViewController.swift */,
			);
			path = authentication;
			sourceTree = "<group>";
		};
		3CC8C88B27230E9900CEB5D4 /* refreshingPassword */ = {
			isa = PBXGroup;
			children = (
				3CC8C88C27230EBB00CEB5D4 /* RefreshViewController.swift */,
				3CC8C88E2723103000CEB5D4 /* SmsRefreshViewController.swift */,
				3CC8C890272311A600CEB5D4 /* SetPasswordViewController.swift */,
			);
			path = refreshingPassword;
			sourceTree = "<group>";
		};
		3CC8C8922726C05400CEB5D4 /* network */ = {
			isa = PBXGroup;
			children = (
				3CC8C8932726C08600CEB5D4 /* NetworkManager.swift */,
			);
			path = network;
			sourceTree = "<group>";
		};
		3CCD1D3727A2AC2D009C78DB /* PullUpController */ = {
			isa = PBXGroup;
			children = (
				3CCD1D3827A2AC52009C78DB /* ContraindicationPullUpController.swift */,
			);
			path = PullUpController;
			sourceTree = "<group>";
		};
		3CE225FB27AC233E00D9A2F2 /* notifications */ = {
			isa = PBXGroup;
			children = (
				3CE225FC27AC235100D9A2F2 /* NotificationViewController.swift */,
			);
			path = notifications;
			sourceTree = "<group>";
		};
		3CEB413F274FA9CC0014B2AA /* certificate */ = {
			isa = PBXGroup;
			children = (
				3C615C26270F47A90037B049 /* CertificateViewController.swift */,
				3CEB4140274FA9F50014B2AA /* DetailCertificateViewController.swift */,
			);
			path = certificate;
			sourceTree = "<group>";
		};
		9D4EF24EB88FD8100B18D6AA /* Frameworks */ = {
			isa = PBXGroup;
			children = (
				6F09281BB95F5DB333EC29B9 /* Pods_Epilier.framework */,
			);
			name = Frameworks;
			sourceTree = "<group>";
		};
		B2BED80C1E7F21A39E420987 /* Pods */ = {
			isa = PBXGroup;
			children = (
				9E837EEAC2D0E3B702974CDE /* Pods-Epilier.debug.xcconfig */,
				C5D3E785B0EF0B8EFE84C2D4 /* Pods-Epilier.release.xcconfig */,
			);
			path = Pods;
			sourceTree = "<group>";
		};
/* End PBXGroup section */

/* Begin PBXNativeTarget section */
		3C5EF9882701F25C004CC020 /* Epilier */ = {
			isa = PBXNativeTarget;
			buildConfigurationList = 3C5EF99D2701F25D004CC020 /* Build configuration list for PBXNativeTarget "Epilier" */;
			buildPhases = (
				0666B44707BF2672A8E7862E /* [CP] Check Pods Manifest.lock */,
				3C5EF9852701F25C004CC020 /* Sources */,
				3C5EF9862701F25C004CC020 /* Frameworks */,
				3C5EF9872701F25C004CC020 /* Resources */,
				3EF8FFF99E094DCCC77601D4 /* [CP] Embed Pods Frameworks */,
			);
			buildRules = (
			);
			dependencies = (
			);
			name = Epilier;
			productName = Epilier;
			productReference = 3C5EF9892701F25C004CC020 /* Epilier.app */;
			productType = "com.apple.product-type.application";
		};
/* End PBXNativeTarget section */

/* Begin PBXProject section */
		3C5EF9812701F25C004CC020 /* Project object */ = {
			isa = PBXProject;
			attributes = {
				LastSwiftUpdateCheck = 1250;
				LastUpgradeCheck = 1250;
				TargetAttributes = {
					3C5EF9882701F25C004CC020 = {
						CreatedOnToolsVersion = 12.5.1;
					};
				};
			};
			buildConfigurationList = 3C5EF9842701F25C004CC020 /* Build configuration list for PBXProject "Epilier" */;
			compatibilityVersion = "Xcode 9.3";
			developmentRegion = en;
			hasScannedForEncodings = 0;
			knownRegions = (
				en,
				Base,
			);
			mainGroup = 3C5EF9802701F25C004CC020;
			productRefGroup = 3C5EF98A2701F25C004CC020 /* Products */;
			projectDirPath = "";
			projectRoot = "";
			targets = (
				3C5EF9882701F25C004CC020 /* Epilier */,
			);
		};
/* End PBXProject section */

/* Begin PBXResourcesBuildPhase section */
		3C5EF9872701F25C004CC020 /* Resources */ = {
			isa = PBXResourcesBuildPhase;
			buildActionMask = 2147483647;
			files = (
				3C5EF9992701F25D004CC020 /* LaunchScreen.storyboard in Resources */,
				3C3A581C2726FB04001A932B /* SFProDisplay-Semibold.ttf in Resources */,
				3C5EF9962701F25D004CC020 /* Assets.xcassets in Resources */,
				3C3A581B2726FB04001A932B /* SFProDisplay-Thin.ttf in Resources */,
			);
			runOnlyForDeploymentPostprocessing = 0;
		};
/* End PBXResourcesBuildPhase section */

/* Begin PBXShellScriptBuildPhase section */
		0666B44707BF2672A8E7862E /* [CP] Check Pods Manifest.lock */ = {
			isa = PBXShellScriptBuildPhase;
			buildActionMask = 2147483647;
			files = (
			);
			inputFileListPaths = (
			);
			inputPaths = (
				"${PODS_PODFILE_DIR_PATH}/Podfile.lock",
				"${PODS_ROOT}/Manifest.lock",
			);
			name = "[CP] Check Pods Manifest.lock";
			outputFileListPaths = (
			);
			outputPaths = (
				"$(DERIVED_FILE_DIR)/Pods-Epilier-checkManifestLockResult.txt",
			);
			runOnlyForDeploymentPostprocessing = 0;
			shellPath = /bin/sh;
			shellScript = "diff \"${PODS_PODFILE_DIR_PATH}/Podfile.lock\" \"${PODS_ROOT}/Manifest.lock\" > /dev/null\nif [ $? != 0 ] ; then\n    # print error to STDERR\n    echo \"error: The sandbox is not in sync with the Podfile.lock. Run 'pod install' or update your CocoaPods installation.\" >&2\n    exit 1\nfi\n# This output is used by Xcode 'outputs' to avoid re-running this script phase.\necho \"SUCCESS\" > \"${SCRIPT_OUTPUT_FILE_0}\"\n";
			showEnvVarsInLog = 0;
		};
		3EF8FFF99E094DCCC77601D4 /* [CP] Embed Pods Frameworks */ = {
			isa = PBXShellScriptBuildPhase;
			buildActionMask = 2147483647;
			files = (
			);
			inputFileListPaths = (
				"${PODS_ROOT}/Target Support Files/Pods-Epilier/Pods-Epilier-frameworks-${CONFIGURATION}-input-files.xcfilelist",
			);
			name = "[CP] Embed Pods Frameworks";
			outputFileListPaths = (
				"${PODS_ROOT}/Target Support Files/Pods-Epilier/Pods-Epilier-frameworks-${CONFIGURATION}-output-files.xcfilelist",
			);
			runOnlyForDeploymentPostprocessing = 0;
			shellPath = /bin/sh;
			shellScript = "\"${PODS_ROOT}/Target Support Files/Pods-Epilier/Pods-Epilier-frameworks.sh\"\n";
			showEnvVarsInLog = 0;
		};
/* End PBXShellScriptBuildPhase section */

/* Begin PBXSourcesBuildPhase section */
		3C5EF9852701F25C004CC020 /* Sources */ = {
			isa = PBXSourcesBuildPhase;
			buildActionMask = 2147483647;
			files = (
				3C53BCF32706FBBB000F1A1E /* ExpandableHeaderViewDelegate.swift in Sources */,
				3C5EF9912701F25C004CC020 /* MainTabBarController.swift in Sources */,
				3C5DE11627196F7C004B5664 /* ChoosingMasterViewController.swift in Sources */,
				3C53BD03270AEFC5000F1A1E /* MastersViewController.swift in Sources */,
				3C5EF98D2701F25C004CC020 /* AppDelegate.swift in Sources */,
				3CEB41432756342E0014B2AA /* StudiosTableViewCell.swift in Sources */,
				3C3298EA2705B26F00A8B9D4 /* studioPopUpView.swift in Sources */,
				3C53BCFC2707371A000F1A1E /* againPopUpView.swift in Sources */,
				3CCD1D3927A2AC52009C78DB /* ContraindicationPullUpController.swift in Sources */,
				3CEB413E274F95390014B2AA /* CertificateTableViewCell.swift in Sources */,
				3C41B33627280EA30080DCC7 /* Constants.swift in Sources */,
				3C5EF98F2701F25C004CC020 /* SceneDelegate.swift in Sources */,
				3CC8C891272311A600CEB5D4 /* SetPasswordViewController.swift in Sources */,
				3C3298FE2705B27500A8B9D4 /* DimmPresentationController.swift in Sources */,
				3C3299012705B27500A8B9D4 /* TransitionDirection.swift in Sources */,
				3CC8C88D27230EBB00CEB5D4 /* RefreshViewController.swift in Sources */,
				3CC8C8882722E08200CEB5D4 /* SmsAuthViewController.swift in Sources */,
				3CC8C8832722A71000CEB5D4 /* AuthWithPasswordViewController.swift in Sources */,
				3C87A910270DA56100D7FEEE /* FourthViewController.swift in Sources */,
				3C3A581E2726FF79001A932B /* Token.swift in Sources */,
				3C3298C3270482E300A8B9D4 /* SecondViewController.swift in Sources */,
				3C3298FF2705B27500A8B9D4 /* PresentAnimation.swift in Sources */,
				3C5DE11C271DA20C004B5664 /* GeolocationViewController.swift in Sources */,
				3C53BCFE270753E8000F1A1E /* signUpPopUpView.swift in Sources */,
				3C3298FB2705B27500A8B9D4 /* PanelTransition.swift in Sources */,
				3C5DE11927198349004B5664 /* SignUpPopUpController.swift in Sources */,
				3C5EF9A42701F49E004CC020 /* FirstViewController.swift in Sources */,
				3C3298C827059AA600A8B9D4 /* ColorsFile.swift in Sources */,
				3C53BCFA270711DA000F1A1E /* TableViewCell.swift in Sources */,
				3C615C27270F47A90037B049 /* CertificateViewController.swift in Sources */,
				3C7B4864270E2284003E7701 /* SecondArticleViewController.swift in Sources */,
				3C3298F92705B27500A8B9D4 /* TransitionDriver.swift in Sources */,
				3C3298FC2705B27500A8B9D4 /* InstantPanGestureRecognizer.swift in Sources */,
				3C53BCF62707111B000F1A1E /* Menu.swift in Sources */,
				3C615C22270F2AC70037B049 /* ContraindicationViewController.swift in Sources */,
				3C615C4B271480CD0037B049 /* SettingsViewController.swift in Sources */,
				3CC8C8942726C08600CEB5D4 /* NetworkManager.swift in Sources */,
				3C3A58172726E990001A932B /* GeolocationTableViewCell.swift in Sources */,
				3C3298F82705B27500A8B9D4 /* Math.swift in Sources */,
				3CEB4141274FA9F50014B2AA /* DetailCertificateViewController.swift in Sources */,
				3CAB7E152715A571005E5289 /* ShopController.swift in Sources */,
				3CC8C88F2723103000CEB5D4 /* SmsRefreshViewController.swift in Sources */,
				3C615C29270F4EDB0037B049 /* VisitsViewController.swift in Sources */,
				3CC8C8862722D90D00CEB5D4 /* FirstAuthViewController.swift in Sources */,
				3C7B4862270E2278003E7701 /* FirstArticleViewController.swift in Sources */,
				3C3298FD2705B27500A8B9D4 /* PresentationController.swift in Sources */,
				3C5DE121271DCC46004B5664 /* MapViewController.swift in Sources */,
				3C615C25270F476B0037B049 /* MyTableViewCell.swift in Sources */,
				3C7B485F270DFC89003E7701 /* FifthViewController.swift in Sources */,
				3C7B4866270E2293003E7701 /* ThirdArticleViewController.swift in Sources */,
				3CE225FD27AC235100D9A2F2 /* NotificationViewController.swift in Sources */,
				3CC8C88A272300E400CEB5D4 /* RegistrationViewController.swift in Sources */,
				3C5DE1142717010A004B5664 /* BasketSignUpViewController.swift in Sources */,
				3C53BCF127064C97000F1A1E /* ServicesTableViewController.swift in Sources */,
				3C53BD002707541A000F1A1E /* ThirdViewController.swift in Sources */,
				3C615C20270F19070037B049 /* PersonInformationViewController.swift in Sources */,
				3C3299002705B27500A8B9D4 /* DismissAnimation.swift in Sources */,
			);
			runOnlyForDeploymentPostprocessing = 0;
		};
/* End PBXSourcesBuildPhase section */

/* Begin PBXVariantGroup section */
		3C5EF9972701F25D004CC020 /* LaunchScreen.storyboard */ = {
			isa = PBXVariantGroup;
			children = (
				3C5EF9982701F25D004CC020 /* Base */,
			);
			name = LaunchScreen.storyboard;
			sourceTree = "<group>";
		};
/* End PBXVariantGroup section */

/* Begin XCBuildConfiguration section */
		3C5EF99B2701F25D004CC020 /* Debug */ = {
			isa = XCBuildConfiguration;
			buildSettings = {
				ALWAYS_SEARCH_USER_PATHS = NO;
				CLANG_ANALYZER_NONNULL = YES;
				CLANG_ANALYZER_NUMBER_OBJECT_CONVERSION = YES_AGGRESSIVE;
				CLANG_CXX_LANGUAGE_STANDARD = "gnu++14";
				CLANG_CXX_LIBRARY = "libc++";
				CLANG_ENABLE_MODULES = YES;
				CLANG_ENABLE_OBJC_ARC = YES;
				CLANG_ENABLE_OBJC_WEAK = YES;
				CLANG_WARN_BLOCK_CAPTURE_AUTORELEASING = YES;
				CLANG_WARN_BOOL_CONVERSION = YES;
				CLANG_WARN_COMMA = YES;
				CLANG_WARN_CONSTANT_CONVERSION = YES;
				CLANG_WARN_DEPRECATED_OBJC_IMPLEMENTATIONS = YES;
				CLANG_WARN_DIRECT_OBJC_ISA_USAGE = YES_ERROR;
				CLANG_WARN_DOCUMENTATION_COMMENTS = YES;
				CLANG_WARN_EMPTY_BODY = YES;
				CLANG_WARN_ENUM_CONVERSION = YES;
				CLANG_WARN_INFINITE_RECURSION = YES;
				CLANG_WARN_INT_CONVERSION = YES;
				CLANG_WARN_NON_LITERAL_NULL_CONVERSION = YES;
				CLANG_WARN_OBJC_IMPLICIT_RETAIN_SELF = YES;
				CLANG_WARN_OBJC_LITERAL_CONVERSION = YES;
				CLANG_WARN_OBJC_ROOT_CLASS = YES_ERROR;
				CLANG_WARN_QUOTED_INCLUDE_IN_FRAMEWORK_HEADER = YES;
				CLANG_WARN_RANGE_LOOP_ANALYSIS = YES;
				CLANG_WARN_STRICT_PROTOTYPES = YES;
				CLANG_WARN_SUSPICIOUS_MOVE = YES;
				CLANG_WARN_UNGUARDED_AVAILABILITY = YES_AGGRESSIVE;
				CLANG_WARN_UNREACHABLE_CODE = YES;
				CLANG_WARN__DUPLICATE_METHOD_MATCH = YES;
				COPY_PHASE_STRIP = NO;
				DEBUG_INFORMATION_FORMAT = dwarf;
				ENABLE_STRICT_OBJC_MSGSEND = YES;
				ENABLE_TESTABILITY = YES;
				GCC_C_LANGUAGE_STANDARD = gnu11;
				GCC_DYNAMIC_NO_PIC = NO;
				GCC_NO_COMMON_BLOCKS = YES;
				GCC_OPTIMIZATION_LEVEL = 0;
				GCC_PREPROCESSOR_DEFINITIONS = (
					"DEBUG=1",
					"$(inherited)",
				);
				GCC_WARN_64_TO_32_BIT_CONVERSION = YES;
				GCC_WARN_ABOUT_RETURN_TYPE = YES_ERROR;
				GCC_WARN_UNDECLARED_SELECTOR = YES;
				GCC_WARN_UNINITIALIZED_AUTOS = YES_AGGRESSIVE;
				GCC_WARN_UNUSED_FUNCTION = YES;
				GCC_WARN_UNUSED_VARIABLE = YES;
				IPHONEOS_DEPLOYMENT_TARGET = 14.5;
				MTL_ENABLE_DEBUG_INFO = INCLUDE_SOURCE;
				MTL_FAST_MATH = YES;
				ONLY_ACTIVE_ARCH = YES;
				SDKROOT = iphoneos;
				SWIFT_ACTIVE_COMPILATION_CONDITIONS = DEBUG;
				SWIFT_OPTIMIZATION_LEVEL = "-Onone";
			};
			name = Debug;
		};
		3C5EF99C2701F25D004CC020 /* Release */ = {
			isa = XCBuildConfiguration;
			buildSettings = {
				ALWAYS_SEARCH_USER_PATHS = NO;
				CLANG_ANALYZER_NONNULL = YES;
				CLANG_ANALYZER_NUMBER_OBJECT_CONVERSION = YES_AGGRESSIVE;
				CLANG_CXX_LANGUAGE_STANDARD = "gnu++14";
				CLANG_CXX_LIBRARY = "libc++";
				CLANG_ENABLE_MODULES = YES;
				CLANG_ENABLE_OBJC_ARC = YES;
				CLANG_ENABLE_OBJC_WEAK = YES;
				CLANG_WARN_BLOCK_CAPTURE_AUTORELEASING = YES;
				CLANG_WARN_BOOL_CONVERSION = YES;
				CLANG_WARN_COMMA = YES;
				CLANG_WARN_CONSTANT_CONVERSION = YES;
				CLANG_WARN_DEPRECATED_OBJC_IMPLEMENTATIONS = YES;
				CLANG_WARN_DIRECT_OBJC_ISA_USAGE = YES_ERROR;
				CLANG_WARN_DOCUMENTATION_COMMENTS = YES;
				CLANG_WARN_EMPTY_BODY = YES;
				CLANG_WARN_ENUM_CONVERSION = YES;
				CLANG_WARN_INFINITE_RECURSION = YES;
				CLANG_WARN_INT_CONVERSION = YES;
				CLANG_WARN_NON_LITERAL_NULL_CONVERSION = YES;
				CLANG_WARN_OBJC_IMPLICIT_RETAIN_SELF = YES;
				CLANG_WARN_OBJC_LITERAL_CONVERSION = YES;
				CLANG_WARN_OBJC_ROOT_CLASS = YES_ERROR;
				CLANG_WARN_QUOTED_INCLUDE_IN_FRAMEWORK_HEADER = YES;
				CLANG_WARN_RANGE_LOOP_ANALYSIS = YES;
				CLANG_WARN_STRICT_PROTOTYPES = YES;
				CLANG_WARN_SUSPICIOUS_MOVE = YES;
				CLANG_WARN_UNGUARDED_AVAILABILITY = YES_AGGRESSIVE;
				CLANG_WARN_UNREACHABLE_CODE = YES;
				CLANG_WARN__DUPLICATE_METHOD_MATCH = YES;
				COPY_PHASE_STRIP = NO;
				DEBUG_INFORMATION_FORMAT = "dwarf-with-dsym";
				ENABLE_NS_ASSERTIONS = NO;
				ENABLE_STRICT_OBJC_MSGSEND = YES;
				GCC_C_LANGUAGE_STANDARD = gnu11;
				GCC_NO_COMMON_BLOCKS = YES;
				GCC_WARN_64_TO_32_BIT_CONVERSION = YES;
				GCC_WARN_ABOUT_RETURN_TYPE = YES_ERROR;
				GCC_WARN_UNDECLARED_SELECTOR = YES;
				GCC_WARN_UNINITIALIZED_AUTOS = YES_AGGRESSIVE;
				GCC_WARN_UNUSED_FUNCTION = YES;
				GCC_WARN_UNUSED_VARIABLE = YES;
				IPHONEOS_DEPLOYMENT_TARGET = 14.5;
				MTL_ENABLE_DEBUG_INFO = NO;
				MTL_FAST_MATH = YES;
				SDKROOT = iphoneos;
				SWIFT_COMPILATION_MODE = wholemodule;
				SWIFT_OPTIMIZATION_LEVEL = "-O";
				VALIDATE_PRODUCT = YES;
			};
			name = Release;
		};
		3C5EF99E2701F25D004CC020 /* Debug */ = {
			isa = XCBuildConfiguration;
			baseConfigurationReference = 9E837EEAC2D0E3B702974CDE /* Pods-Epilier.debug.xcconfig */;
			buildSettings = {
				ASSETCATALOG_COMPILER_APPICON_NAME = AppIcon;
				ASSETCATALOG_COMPILER_GLOBAL_ACCENT_COLOR_NAME = AccentColor;
				CODE_SIGN_IDENTITY = "Apple Development";
				CODE_SIGN_STYLE = Automatic;
				CURRENT_PROJECT_VERSION = 5;
				DEVELOPMENT_TEAM = 4BDJ3HF3K4;
				INFOPLIST_FILE = Epilier/Resources/Info.plist;
				IPHONEOS_DEPLOYMENT_TARGET = 14.4;
				LD_RUNPATH_SEARCH_PATHS = (
					"$(inherited)",
					"@executable_path/Frameworks",
				);
				MARKETING_VERSION = 0.1.4;
				PRODUCT_BUNDLE_IDENTIFIER = "ru.dev-top-it.epilier-clients-test222";
				PRODUCT_NAME = "$(TARGET_NAME)";
				PROVISIONING_PROFILE_SPECIFIER = "";
				SWIFT_VERSION = 5.0;
				TARGETED_DEVICE_FAMILY = "1,2";
			};
			name = Debug;
		};
		3C5EF99F2701F25D004CC020 /* Release */ = {
			isa = XCBuildConfiguration;
			baseConfigurationReference = C5D3E785B0EF0B8EFE84C2D4 /* Pods-Epilier.release.xcconfig */;
			buildSettings = {
				ASSETCATALOG_COMPILER_APPICON_NAME = AppIcon;
				ASSETCATALOG_COMPILER_GLOBAL_ACCENT_COLOR_NAME = AccentColor;
				CODE_SIGN_IDENTITY = "Apple Development";
				CODE_SIGN_STYLE = Automatic;
				CURRENT_PROJECT_VERSION = 5;
				DEVELOPMENT_TEAM = 4BDJ3HF3K4;
				INFOPLIST_FILE = Epilier/Resources/Info.plist;
				IPHONEOS_DEPLOYMENT_TARGET = 14.4;
				LD_RUNPATH_SEARCH_PATHS = (
					"$(inherited)",
					"@executable_path/Frameworks",
				);
				MARKETING_VERSION = 0.1.4;
				PRODUCT_BUNDLE_IDENTIFIER = "ru.dev-top-it.epilier-clients-test222";
				PRODUCT_NAME = "$(TARGET_NAME)";
				PROVISIONING_PROFILE_SPECIFIER = "";
				SWIFT_VERSION = 5.0;
				TARGETED_DEVICE_FAMILY = "1,2";
			};
			name = Release;
		};
/* End XCBuildConfiguration section */

/* Begin XCConfigurationList section */
		3C5EF9842701F25C004CC020 /* Build configuration list for PBXProject "Epilier" */ = {
			isa = XCConfigurationList;
			buildConfigurations = (
				3C5EF99B2701F25D004CC020 /* Debug */,
				3C5EF99C2701F25D004CC020 /* Release */,
			);
			defaultConfigurationIsVisible = 0;
			defaultConfigurationName = Release;
		};
		3C5EF99D2701F25D004CC020 /* Build configuration list for PBXNativeTarget "Epilier" */ = {
			isa = XCConfigurationList;
			buildConfigurations = (
				3C5EF99E2701F25D004CC020 /* Debug */,
				3C5EF99F2701F25D004CC020 /* Release */,
			);
			defaultConfigurationIsVisible = 0;
			defaultConfigurationName = Release;
		};
/* End XCConfigurationList section */
	};
	rootObject = 3C5EF9812701F25C004CC020 /* Project object */;
}
